
Microsoft Visual Studio Solution File, Format Version 12.00
# Visual Studio Version 16
VisualStudioVersion = 16.0.29009.5
MinimumVisualStudioVersion = 10.0.40219.1
Project("{9A19103F-16F7-4668-BE54-9A1E7A4F7556}") = "Router", "Router\Router.csproj", "{69E9E420-7229-4217-BB04-69F6FF67C510}"
EndProject
Project("{9A19103F-16F7-4668-BE54-9A1E7A4F7556}") = "Tester", "Tester\Tester.csproj", "{A44C531B-22FC-406D-929E-9A8B67BF26CA}"
EndProject
Project("{9A19103F-16F7-4668-BE54-9A1E7A4F7556}") = "RemoteNode", "RemoteNode\RemoteNode.csproj", "{016043DC-E892-4AF8-81FD-8C4621E04150}"
EndProject
Project("{9A19103F-16F7-4668-BE54-9A1E7A4F7556}") = "Actors", "Actors\Actors.csproj", "{62579C1D-9AC1-4FFC-B31D-C048EE860A07}"
EndProject
Project("{9A19103F-16F7-4668-BE54-9A1E7A4F7556}") = "RemoteDeploy", "RemoteDeploy\RemoteDeploy.csproj", "{6FD242FD-648A-40EA-8C35-D06EF6775CC7}"
EndProject
Project("{9A19103F-16F7-4668-BE54-9A1E7A4F7556}") = "ClusterNode", "ClusterNode\ClusterNode.csproj", "{83594DDD-3098-440A-BC57-02B9057FD1A4}"
EndProject
Project("{9A19103F-16F7-4668-BE54-9A1E7A4F7556}") = "ClusterSeedNode", "ClusterSeedNode\ClusterSeedNode.csproj", "{5BBFE518-C2AA-4F39-897F-E02E58EE3FD5}"
EndProject
Global
	GlobalSection(SolutionConfigurationPlatforms) = preSolution
		Debug|Any CPU = Debug|Any CPU
		Release|Any CPU = Release|Any CPU
	EndGlobalSection
	GlobalSection(ProjectConfigurationPlatforms) = postSolution
		{69E9E420-7229-4217-BB04-69F6FF67C510}.Debug|Any CPU.ActiveCfg = Debug|Any CPU
		{69E9E420-7229-4217-BB04-69F6FF67C510}.Debug|Any CPU.Build.0 = Debug|Any CPU
		{69E9E420-7229-4217-BB04-69F6FF67C510}.Release|Any CPU.ActiveCfg = Release|Any CPU
		{69E9E420-7229-4217-BB04-69F6FF67C510}.Release|Any CPU.Build.0 = Release|Any CPU
		{A44C531B-22FC-406D-929E-9A8B67BF26CA}.Debug|Any CPU.ActiveCfg = Debug|Any CPU
		{A44C531B-22FC-406D-929E-9A8B67BF26CA}.Debug|Any CPU.Build.0 = Debug|Any CPU
		{A44C531B-22FC-406D-929E-9A8B67BF26CA}.Release|Any CPU.ActiveCfg = Release|Any CPU
		{A44C531B-22FC-406D-929E-9A8B67BF26CA}.Release|Any CPU.Build.0 = Release|Any CPU
		{016043DC-E892-4AF8-81FD-8C4621E04150}.Debug|Any CPU.ActiveCfg = Debug|Any CPU
		{016043DC-E892-4AF8-81FD-8C4621E04150}.Debug|Any CPU.Build.0 = Debug|Any CPU
		{016043DC-E892-4AF8-81FD-8C4621E04150}.Release|Any CPU.ActiveCfg = Release|Any CPU
		{016043DC-E892-4AF8-81FD-8C4621E04150}.Release|Any CPU.Build.0 = Release|Any CPU
		{62579C1D-9AC1-4FFC-B31D-C048EE860A07}.Debug|Any CPU.ActiveCfg = Debug|Any CPU
		{62579C1D-9AC1-4FFC-B31D-C048EE860A07}.Debug|Any CPU.Build.0 = Debug|Any CPU
		{62579C1D-9AC1-4FFC-B31D-C048EE860A07}.Release|Any CPU.ActiveCfg = Release|Any CPU
		{62579C1D-9AC1-4FFC-B31D-C048EE860A07}.Release|Any CPU.Build.0 = Release|Any CPU
		{6FD242FD-648A-40EA-8C35-D06EF6775CC7}.Debug|Any CPU.ActiveCfg = Debug|Any CPU
		{6FD242FD-648A-40EA-8C35-D06EF6775CC7}.Debug|Any CPU.Build.0 = Debug|Any CPU
		{6FD242FD-648A-40EA-8C35-D06EF6775CC7}.Release|Any CPU.ActiveCfg = Release|Any CPU
		{6FD242FD-648A-40EA-8C35-D06EF6775CC7}.Release|Any CPU.Build.0 = Release|Any CPU
		{83594DDD-3098-440A-BC57-02B9057FD1A4}.Debug|Any CPU.ActiveCfg = Debug|Any CPU
		{83594DDD-3098-440A-BC57-02B9057FD1A4}.Debug|Any CPU.Build.0 = Debug|Any CPU
		{83594DDD-3098-440A-BC57-02B9057FD1A4}.Release|Any CPU.ActiveCfg = Release|Any CPU
		{83594DDD-3098-440A-BC57-02B9057FD1A4}.Release|Any CPU.Build.0 = Release|Any CPU
		{5BBFE518-C2AA-4F39-897F-E02E58EE3FD5}.Debug|Any CPU.ActiveCfg = Debug|Any CPU
		{5BBFE518-C2AA-4F39-897F-E02E58EE3FD5}.Debug|Any CPU.Build.0 = Debug|Any CPU
		{5BBFE518-C2AA-4F39-897F-E02E58EE3FD5}.Release|Any CPU.ActiveCfg = Release|Any CPU
		{5BBFE518-C2AA-4F39-897F-E02E58EE3FD5}.Release|Any CPU.Build.0 = Release|Any CPU
	EndGlobalSection
	GlobalSection(SolutionProperties) = preSolution
		HideSolutionNode = FALSE
	EndGlobalSection
	GlobalSection(ExtensibilityGlobals) = postSolution
		SolutionGuid = {7FE06D6A-5B17-4E32-A45F-6B2BF175473A}
	EndGlobalSection
EndGlobal
