
Microsoft Visual Studio Solution File, Format Version 12.00
# Visual Studio Version 16
VisualStudioVersion = 16.0.29806.167
MinimumVisualStudioVersion = 10.0.40219.1
Project("{9A19103F-16F7-4668-BE54-9A1E7A4F7556}") = "Actors", "Actors\Actors.csproj", "{635A93A4-29AF-42F5-9CAA-096AB4C1C682}"
EndProject
Project("{9A19103F-16F7-4668-BE54-9A1E7A4F7556}") = "ClusterClient", "ClusterClient\ClusterClient.csproj", "{60EB0A03-E5A2-4211-B7A8-71A5C2F34FE0}"
EndProject
Project("{9A19103F-16F7-4668-BE54-9A1E7A4F7556}") = "ClusterNode", "ClusterNode\ClusterNode.csproj", "{69CF636B-7CF9-4260-B239-5500FCF07C6B}"
EndProject
Project("{9A19103F-16F7-4668-BE54-9A1E7A4F7556}") = "ClusterSeedNode", "ClusterSeedNode\ClusterSeedNode.csproj", "{848A380B-6A03-41CD-AE5E-A88A94237537}"
EndProject
Project("{9A19103F-16F7-4668-BE54-9A1E7A4F7556}") = "RemoteDeploy", "RemoteDeploy\RemoteDeploy.csproj", "{1A2444EB-97A4-479C-8C2A-34B0AC3962F5}"
EndProject
Project("{9A19103F-16F7-4668-BE54-9A1E7A4F7556}") = "RemoteNode", "RemoteNode\RemoteNode.csproj", "{A8990AF4-5A16-415C-9F8C-DF8ABC026C1A}"
EndProject
Project("{9A19103F-16F7-4668-BE54-9A1E7A4F7556}") = "Router", "Router\Router.csproj", "{9E8D11B2-86E0-4DDE-AF39-8D8E741AF353}"
EndProject
Project("{9A19103F-16F7-4668-BE54-9A1E7A4F7556}") = "Tester", "Tester\Tester.csproj", "{4D224B31-605D-4CCF-BAC4-615239D14EF9}"
EndProject
Global
	GlobalSection(SolutionConfigurationPlatforms) = preSolution
		Debug|Any CPU = Debug|Any CPU
		Debug|x64 = Debug|x64
		Release|Any CPU = Release|Any CPU
		Release|x64 = Release|x64
	EndGlobalSection
	GlobalSection(ProjectConfigurationPlatforms) = postSolution
		{635A93A4-29AF-42F5-9CAA-096AB4C1C682}.Debug|Any CPU.ActiveCfg = Debug|Any CPU
		{635A93A4-29AF-42F5-9CAA-096AB4C1C682}.Debug|Any CPU.Build.0 = Debug|Any CPU
		{635A93A4-29AF-42F5-9CAA-096AB4C1C682}.Debug|x64.ActiveCfg = Debug|x64
		{635A93A4-29AF-42F5-9CAA-096AB4C1C682}.Debug|x64.Build.0 = Debug|x64
		{635A93A4-29AF-42F5-9CAA-096AB4C1C682}.Release|Any CPU.ActiveCfg = Release|Any CPU
		{635A93A4-29AF-42F5-9CAA-096AB4C1C682}.Release|Any CPU.Build.0 = Release|Any CPU
		{635A93A4-29AF-42F5-9CAA-096AB4C1C682}.Release|x64.ActiveCfg = Release|x64
		{635A93A4-29AF-42F5-9CAA-096AB4C1C682}.Release|x64.Build.0 = Release|x64
		{60EB0A03-E5A2-4211-B7A8-71A5C2F34FE0}.Debug|Any CPU.ActiveCfg = Debug|Any CPU
		{60EB0A03-E5A2-4211-B7A8-71A5C2F34FE0}.Debug|Any CPU.Build.0 = Debug|Any CPU
		{60EB0A03-E5A2-4211-B7A8-71A5C2F34FE0}.Debug|x64.ActiveCfg = Debug|x64
		{60EB0A03-E5A2-4211-B7A8-71A5C2F34FE0}.Debug|x64.Build.0 = Debug|x64
		{60EB0A03-E5A2-4211-B7A8-71A5C2F34FE0}.Release|Any CPU.ActiveCfg = Release|Any CPU
		{60EB0A03-E5A2-4211-B7A8-71A5C2F34FE0}.Release|Any CPU.Build.0 = Release|Any CPU
		{60EB0A03-E5A2-4211-B7A8-71A5C2F34FE0}.Release|x64.ActiveCfg = Release|x64
		{60EB0A03-E5A2-4211-B7A8-71A5C2F34FE0}.Release|x64.Build.0 = Release|x64
		{69CF636B-7CF9-4260-B239-5500FCF07C6B}.Debug|Any CPU.ActiveCfg = Debug|Any CPU
		{69CF636B-7CF9-4260-B239-5500FCF07C6B}.Debug|Any CPU.Build.0 = Debug|Any CPU
		{69CF636B-7CF9-4260-B239-5500FCF07C6B}.Debug|x64.ActiveCfg = Debug|x64
		{69CF636B-7CF9-4260-B239-5500FCF07C6B}.Debug|x64.Build.0 = Debug|x64
		{69CF636B-7CF9-4260-B239-5500FCF07C6B}.Release|Any CPU.ActiveCfg = Release|Any CPU
		{69CF636B-7CF9-4260-B239-5500FCF07C6B}.Release|Any CPU.Build.0 = Release|Any CPU
		{69CF636B-7CF9-4260-B239-5500FCF07C6B}.Release|x64.ActiveCfg = Release|x64
		{69CF636B-7CF9-4260-B239-5500FCF07C6B}.Release|x64.Build.0 = Release|x64
		{848A380B-6A03-41CD-AE5E-A88A94237537}.Debug|Any CPU.ActiveCfg = Debug|Any CPU
		{848A380B-6A03-41CD-AE5E-A88A94237537}.Debug|Any CPU.Build.0 = Debug|Any CPU
		{848A380B-6A03-41CD-AE5E-A88A94237537}.Debug|x64.ActiveCfg = Debug|x64
		{848A380B-6A03-41CD-AE5E-A88A94237537}.Debug|x64.Build.0 = Debug|x64
		{848A380B-6A03-41CD-AE5E-A88A94237537}.Release|Any CPU.ActiveCfg = Release|Any CPU
		{848A380B-6A03-41CD-AE5E-A88A94237537}.Release|Any CPU.Build.0 = Release|Any CPU
		{848A380B-6A03-41CD-AE5E-A88A94237537}.Release|x64.ActiveCfg = Release|x64
		{848A380B-6A03-41CD-AE5E-A88A94237537}.Release|x64.Build.0 = Release|x64
		{1A2444EB-97A4-479C-8C2A-34B0AC3962F5}.Debug|Any CPU.ActiveCfg = Debug|Any CPU
		{1A2444EB-97A4-479C-8C2A-34B0AC3962F5}.Debug|Any CPU.Build.0 = Debug|Any CPU
		{1A2444EB-97A4-479C-8C2A-34B0AC3962F5}.Debug|x64.ActiveCfg = Debug|x64
		{1A2444EB-97A4-479C-8C2A-34B0AC3962F5}.Debug|x64.Build.0 = Debug|x64
		{1A2444EB-97A4-479C-8C2A-34B0AC3962F5}.Release|Any CPU.ActiveCfg = Release|Any CPU
		{1A2444EB-97A4-479C-8C2A-34B0AC3962F5}.Release|Any CPU.Build.0 = Release|Any CPU
		{1A2444EB-97A4-479C-8C2A-34B0AC3962F5}.Release|x64.ActiveCfg = Release|x64
		{1A2444EB-97A4-479C-8C2A-34B0AC3962F5}.Release|x64.Build.0 = Release|x64
		{A8990AF4-5A16-415C-9F8C-DF8ABC026C1A}.Debug|Any CPU.ActiveCfg = Debug|Any CPU
		{A8990AF4-5A16-415C-9F8C-DF8ABC026C1A}.Debug|Any CPU.Build.0 = Debug|Any CPU
		{A8990AF4-5A16-415C-9F8C-DF8ABC026C1A}.Debug|x64.ActiveCfg = Debug|x64
		{A8990AF4-5A16-415C-9F8C-DF8ABC026C1A}.Debug|x64.Build.0 = Debug|x64
		{A8990AF4-5A16-415C-9F8C-DF8ABC026C1A}.Release|Any CPU.ActiveCfg = Release|Any CPU
		{A8990AF4-5A16-415C-9F8C-DF8ABC026C1A}.Release|Any CPU.Build.0 = Release|Any CPU
		{A8990AF4-5A16-415C-9F8C-DF8ABC026C1A}.Release|x64.ActiveCfg = Release|x64
		{A8990AF4-5A16-415C-9F8C-DF8ABC026C1A}.Release|x64.Build.0 = Release|x64
		{9E8D11B2-86E0-4DDE-AF39-8D8E741AF353}.Debug|Any CPU.ActiveCfg = Debug|Any CPU
		{9E8D11B2-86E0-4DDE-AF39-8D8E741AF353}.Debug|Any CPU.Build.0 = Debug|Any CPU
		{9E8D11B2-86E0-4DDE-AF39-8D8E741AF353}.Debug|x64.ActiveCfg = Debug|x64
		{9E8D11B2-86E0-4DDE-AF39-8D8E741AF353}.Debug|x64.Build.0 = Debug|x64
		{9E8D11B2-86E0-4DDE-AF39-8D8E741AF353}.Release|Any CPU.ActiveCfg = Release|Any CPU
		{9E8D11B2-86E0-4DDE-AF39-8D8E741AF353}.Release|Any CPU.Build.0 = Release|Any CPU
		{9E8D11B2-86E0-4DDE-AF39-8D8E741AF353}.Release|x64.ActiveCfg = Release|x64
		{9E8D11B2-86E0-4DDE-AF39-8D8E741AF353}.Release|x64.Build.0 = Release|x64
		{4D224B31-605D-4CCF-BAC4-615239D14EF9}.Debug|Any CPU.ActiveCfg = Debug|Any CPU
		{4D224B31-605D-4CCF-BAC4-615239D14EF9}.Debug|Any CPU.Build.0 = Debug|Any CPU
		{4D224B31-605D-4CCF-BAC4-615239D14EF9}.Debug|x64.ActiveCfg = Debug|x64
		{4D224B31-605D-4CCF-BAC4-615239D14EF9}.Debug|x64.Build.0 = Debug|x64
		{4D224B31-605D-4CCF-BAC4-615239D14EF9}.Release|Any CPU.ActiveCfg = Release|Any CPU
		{4D224B31-605D-4CCF-BAC4-615239D14EF9}.Release|Any CPU.Build.0 = Release|Any CPU
		{4D224B31-605D-4CCF-BAC4-615239D14EF9}.Release|x64.ActiveCfg = Release|x64
		{4D224B31-605D-4CCF-BAC4-615239D14EF9}.Release|x64.Build.0 = Release|x64
	EndGlobalSection
	GlobalSection(SolutionProperties) = preSolution
		HideSolutionNode = FALSE
	EndGlobalSection
	GlobalSection(ExtensibilityGlobals) = postSolution
		SolutionGuid = {1EE058DE-2B59-4C15-B718-4FEFE5BF0851}
	EndGlobalSection
EndGlobal
