
Microsoft Visual Studio Solution File, Format Version 12.00
# Visual Studio Version 16
VisualStudioVersion = 16.0.31129.286
MinimumVisualStudioVersion = 10.0.40219.1
Project("{9A19103F-16F7-4668-BE54-9A1E7A4F7556}") = "01.ValueObject", "01.ValueObject\01.ValueObject.csproj", "{F7FEC52F-84D3-4165-81F9-9E556456DBC7}"
EndProject
Project("{FAE04EC0-301F-11D3-BF4B-00C04F79EFBC}") = "02.Entity", "02.Entity\02.Entity.csproj", "{5C9CB557-1A09-4D3D-8782-5E60E343922B}"
EndProject
Global
	GlobalSection(SolutionConfigurationPlatforms) = preSolution
		Debug|Any CPU = Debug|Any CPU
		Release|Any CPU = Release|Any CPU
	EndGlobalSection
	GlobalSection(ProjectConfigurationPlatforms) = postSolution
		{F7FEC52F-84D3-4165-81F9-9E556456DBC7}.Debug|Any CPU.ActiveCfg = Debug|Any CPU
		{F7FEC52F-84D3-4165-81F9-9E556456DBC7}.Debug|Any CPU.Build.0 = Debug|Any CPU
		{F7FEC52F-84D3-4165-81F9-9E556456DBC7}.Release|Any CPU.ActiveCfg = Release|Any CPU
		{F7FEC52F-84D3-4165-81F9-9E556456DBC7}.Release|Any CPU.Build.0 = Release|Any CPU
		{5C9CB557-1A09-4D3D-8782-5E60E343922B}.Debug|Any CPU.ActiveCfg = Debug|Any CPU
		{5C9CB557-1A09-4D3D-8782-5E60E343922B}.Debug|Any CPU.Build.0 = Debug|Any CPU
		{5C9CB557-1A09-4D3D-8782-5E60E343922B}.Release|Any CPU.ActiveCfg = Release|Any CPU
		{5C9CB557-1A09-4D3D-8782-5E60E343922B}.Release|Any CPU.Build.0 = Release|Any CPU
	EndGlobalSection
	GlobalSection(SolutionProperties) = preSolution
		HideSolutionNode = FALSE
	EndGlobalSection
	GlobalSection(ExtensibilityGlobals) = postSolution
		SolutionGuid = {C3E409D4-C468-4F74-A51A-9B30DB959728}
	EndGlobalSection
EndGlobal
