
Microsoft Visual Studio Solution File, Format Version 12.00
# Visual Studio Version 16
VisualStudioVersion = 16.0.31129.286
MinimumVisualStudioVersion = 10.0.40219.1
Project("{9A19103F-16F7-4668-BE54-9A1E7A4F7556}") = "01.HelloWorldReceive", "01.HelloWorldReceive\01.HelloWorldReceive.csproj", "{85A55C50-F947-4830-AA9E-1157F6537673}"
EndProject
Project("{9A19103F-16F7-4668-BE54-9A1E7A4F7556}") = "01.HelloWorldSend", "01.HelloWorldSend\01.HelloWorldSend.csproj", "{326639B3-4D8A-49F5-93AC-710DC910BBA1}"
EndProject
Project("{9A19103F-16F7-4668-BE54-9A1E7A4F7556}") = "02.Worker", "02.Worker\02.Worker.csproj", "{3AC3333E-CC7D-4653-B287-5BC98CBB5307}"
EndProject
Project("{9A19103F-16F7-4668-BE54-9A1E7A4F7556}") = "02.NewTask", "02.NewTask\02.NewTask.csproj", "{469784E4-3B6F-4217-82F1-D70237600DD1}"
EndProject
Project("{9A19103F-16F7-4668-BE54-9A1E7A4F7556}") = "03.EmitLog", "03.EmitLog\03.EmitLog.csproj", "{2BA74CA1-8C8D-4430-908B-D0B51C35C0A7}"
EndProject
Project("{9A19103F-16F7-4668-BE54-9A1E7A4F7556}") = "03.ReceiveLogs", "03.ReceiveLogs\03.ReceiveLogs.csproj", "{281D47C7-56D1-4AA5-A10E-27A9655C28D6}"
EndProject
Project("{9A19103F-16F7-4668-BE54-9A1E7A4F7556}") = "04.EmitLogDirect", "04.EmitLogDirect\04.EmitLogDirect.csproj", "{F9CE960C-2E50-409E-AA9A-BDB9DD031A72}"
EndProject
Project("{9A19103F-16F7-4668-BE54-9A1E7A4F7556}") = "04.ReceiveLogsDirect", "04.ReceiveLogsDirect\04.ReceiveLogsDirect.csproj", "{E0385D25-BB7E-4B7F-BA0A-E91C96AA0AE7}"
EndProject
Project("{9A19103F-16F7-4668-BE54-9A1E7A4F7556}") = "05.EmitLogTopic", "05.EmitLogTopic\05.EmitLogTopic.csproj", "{1CB51D70-FCA7-437E-BEA9-844CF3CB6B2D}"
EndProject
Project("{9A19103F-16F7-4668-BE54-9A1E7A4F7556}") = "05.ReceiveLogTopic", "05.ReceiveLogTopic\05.ReceiveLogTopic.csproj", "{DA2F6703-5F21-4B47-A7CB-E7CF0B868750}"
EndProject
Project("{9A19103F-16F7-4668-BE54-9A1E7A4F7556}") = "06.RpcServer", "06.RpcServer\06.RpcServer.csproj", "{DC1C8CD6-FD32-45CC-BB8C-FCC3611A5666}"
EndProject
Project("{9A19103F-16F7-4668-BE54-9A1E7A4F7556}") = "06.RpcClient", "06.RpcClient\06.RpcClient.csproj", "{91CD0458-0377-4D42-A34A-FA1DA9EA12B9}"
EndProject
Project("{9A19103F-16F7-4668-BE54-9A1E7A4F7556}") = "07.AsyncPublisher", "07.AsyncPublisher\07.AsyncPublisher.csproj", "{A509EC44-5024-49F8-B8CB-406BBFA481D4}"
EndProject
Project("{9A19103F-16F7-4668-BE54-9A1E7A4F7556}") = "07.AsyncConsumer", "07.AsyncConsumer\07.AsyncConsumer.csproj", "{8CDB0E39-46FE-40F2-BA90-A5D3667C2720}"
EndProject
Project("{FAE04EC0-301F-11D3-BF4B-00C04F79EFBC}") = "LKH.MessageBus", "LKH.MessageBus\LKH.MessageBus.csproj", "{366D0A68-73E9-45BA-95FF-1AACB3D34E6F}"
EndProject
Project("{FAE04EC0-301F-11D3-BF4B-00C04F79EFBC}") = "LHK.RabbitMq", "LHK.RabbitMq\LHK.RabbitMq.csproj", "{59E98BE6-E221-4E7A-8E04-631170887642}"
EndProject
Global
	GlobalSection(SolutionConfigurationPlatforms) = preSolution
		Debug|Any CPU = Debug|Any CPU
		Debug|x64 = Debug|x64
		Release|Any CPU = Release|Any CPU
		Release|x64 = Release|x64
	EndGlobalSection
	GlobalSection(ProjectConfigurationPlatforms) = postSolution
		{85A55C50-F947-4830-AA9E-1157F6537673}.Debug|Any CPU.ActiveCfg = Debug|Any CPU
		{85A55C50-F947-4830-AA9E-1157F6537673}.Debug|Any CPU.Build.0 = Debug|Any CPU
		{85A55C50-F947-4830-AA9E-1157F6537673}.Debug|x64.ActiveCfg = Debug|x64
		{85A55C50-F947-4830-AA9E-1157F6537673}.Debug|x64.Build.0 = Debug|x64
		{85A55C50-F947-4830-AA9E-1157F6537673}.Release|Any CPU.ActiveCfg = Release|Any CPU
		{85A55C50-F947-4830-AA9E-1157F6537673}.Release|Any CPU.Build.0 = Release|Any CPU
		{85A55C50-F947-4830-AA9E-1157F6537673}.Release|x64.ActiveCfg = Release|x64
		{85A55C50-F947-4830-AA9E-1157F6537673}.Release|x64.Build.0 = Release|x64
		{326639B3-4D8A-49F5-93AC-710DC910BBA1}.Debug|Any CPU.ActiveCfg = Debug|Any CPU
		{326639B3-4D8A-49F5-93AC-710DC910BBA1}.Debug|Any CPU.Build.0 = Debug|Any CPU
		{326639B3-4D8A-49F5-93AC-710DC910BBA1}.Debug|x64.ActiveCfg = Debug|x64
		{326639B3-4D8A-49F5-93AC-710DC910BBA1}.Debug|x64.Build.0 = Debug|x64
		{326639B3-4D8A-49F5-93AC-710DC910BBA1}.Release|Any CPU.ActiveCfg = Release|Any CPU
		{326639B3-4D8A-49F5-93AC-710DC910BBA1}.Release|Any CPU.Build.0 = Release|Any CPU
		{326639B3-4D8A-49F5-93AC-710DC910BBA1}.Release|x64.ActiveCfg = Release|x64
		{326639B3-4D8A-49F5-93AC-710DC910BBA1}.Release|x64.Build.0 = Release|x64
		{3AC3333E-CC7D-4653-B287-5BC98CBB5307}.Debug|Any CPU.ActiveCfg = Debug|Any CPU
		{3AC3333E-CC7D-4653-B287-5BC98CBB5307}.Debug|Any CPU.Build.0 = Debug|Any CPU
		{3AC3333E-CC7D-4653-B287-5BC98CBB5307}.Debug|x64.ActiveCfg = Debug|Any CPU
		{3AC3333E-CC7D-4653-B287-5BC98CBB5307}.Debug|x64.Build.0 = Debug|Any CPU
		{3AC3333E-CC7D-4653-B287-5BC98CBB5307}.Release|Any CPU.ActiveCfg = Release|Any CPU
		{3AC3333E-CC7D-4653-B287-5BC98CBB5307}.Release|Any CPU.Build.0 = Release|Any CPU
		{3AC3333E-CC7D-4653-B287-5BC98CBB5307}.Release|x64.ActiveCfg = Release|Any CPU
		{3AC3333E-CC7D-4653-B287-5BC98CBB5307}.Release|x64.Build.0 = Release|Any CPU
		{469784E4-3B6F-4217-82F1-D70237600DD1}.Debug|Any CPU.ActiveCfg = Debug|Any CPU
		{469784E4-3B6F-4217-82F1-D70237600DD1}.Debug|Any CPU.Build.0 = Debug|Any CPU
		{469784E4-3B6F-4217-82F1-D70237600DD1}.Debug|x64.ActiveCfg = Debug|Any CPU
		{469784E4-3B6F-4217-82F1-D70237600DD1}.Debug|x64.Build.0 = Debug|Any CPU
		{469784E4-3B6F-4217-82F1-D70237600DD1}.Release|Any CPU.ActiveCfg = Release|Any CPU
		{469784E4-3B6F-4217-82F1-D70237600DD1}.Release|Any CPU.Build.0 = Release|Any CPU
		{469784E4-3B6F-4217-82F1-D70237600DD1}.Release|x64.ActiveCfg = Release|Any CPU
		{469784E4-3B6F-4217-82F1-D70237600DD1}.Release|x64.Build.0 = Release|Any CPU
		{2BA74CA1-8C8D-4430-908B-D0B51C35C0A7}.Debug|Any CPU.ActiveCfg = Debug|Any CPU
		{2BA74CA1-8C8D-4430-908B-D0B51C35C0A7}.Debug|Any CPU.Build.0 = Debug|Any CPU
		{2BA74CA1-8C8D-4430-908B-D0B51C35C0A7}.Debug|x64.ActiveCfg = Debug|Any CPU
		{2BA74CA1-8C8D-4430-908B-D0B51C35C0A7}.Debug|x64.Build.0 = Debug|Any CPU
		{2BA74CA1-8C8D-4430-908B-D0B51C35C0A7}.Release|Any CPU.ActiveCfg = Release|Any CPU
		{2BA74CA1-8C8D-4430-908B-D0B51C35C0A7}.Release|Any CPU.Build.0 = Release|Any CPU
		{2BA74CA1-8C8D-4430-908B-D0B51C35C0A7}.Release|x64.ActiveCfg = Release|Any CPU
		{2BA74CA1-8C8D-4430-908B-D0B51C35C0A7}.Release|x64.Build.0 = Release|Any CPU
		{281D47C7-56D1-4AA5-A10E-27A9655C28D6}.Debug|Any CPU.ActiveCfg = Debug|Any CPU
		{281D47C7-56D1-4AA5-A10E-27A9655C28D6}.Debug|Any CPU.Build.0 = Debug|Any CPU
		{281D47C7-56D1-4AA5-A10E-27A9655C28D6}.Debug|x64.ActiveCfg = Debug|Any CPU
		{281D47C7-56D1-4AA5-A10E-27A9655C28D6}.Debug|x64.Build.0 = Debug|Any CPU
		{281D47C7-56D1-4AA5-A10E-27A9655C28D6}.Release|Any CPU.ActiveCfg = Release|Any CPU
		{281D47C7-56D1-4AA5-A10E-27A9655C28D6}.Release|Any CPU.Build.0 = Release|Any CPU
		{281D47C7-56D1-4AA5-A10E-27A9655C28D6}.Release|x64.ActiveCfg = Release|Any CPU
		{281D47C7-56D1-4AA5-A10E-27A9655C28D6}.Release|x64.Build.0 = Release|Any CPU
		{F9CE960C-2E50-409E-AA9A-BDB9DD031A72}.Debug|Any CPU.ActiveCfg = Debug|Any CPU
		{F9CE960C-2E50-409E-AA9A-BDB9DD031A72}.Debug|Any CPU.Build.0 = Debug|Any CPU
		{F9CE960C-2E50-409E-AA9A-BDB9DD031A72}.Debug|x64.ActiveCfg = Debug|Any CPU
		{F9CE960C-2E50-409E-AA9A-BDB9DD031A72}.Debug|x64.Build.0 = Debug|Any CPU
		{F9CE960C-2E50-409E-AA9A-BDB9DD031A72}.Release|Any CPU.ActiveCfg = Release|Any CPU
		{F9CE960C-2E50-409E-AA9A-BDB9DD031A72}.Release|Any CPU.Build.0 = Release|Any CPU
		{F9CE960C-2E50-409E-AA9A-BDB9DD031A72}.Release|x64.ActiveCfg = Release|Any CPU
		{F9CE960C-2E50-409E-AA9A-BDB9DD031A72}.Release|x64.Build.0 = Release|Any CPU
		{E0385D25-BB7E-4B7F-BA0A-E91C96AA0AE7}.Debug|Any CPU.ActiveCfg = Debug|Any CPU
		{E0385D25-BB7E-4B7F-BA0A-E91C96AA0AE7}.Debug|Any CPU.Build.0 = Debug|Any CPU
		{E0385D25-BB7E-4B7F-BA0A-E91C96AA0AE7}.Debug|x64.ActiveCfg = Debug|Any CPU
		{E0385D25-BB7E-4B7F-BA0A-E91C96AA0AE7}.Debug|x64.Build.0 = Debug|Any CPU
		{E0385D25-BB7E-4B7F-BA0A-E91C96AA0AE7}.Release|Any CPU.ActiveCfg = Release|Any CPU
		{E0385D25-BB7E-4B7F-BA0A-E91C96AA0AE7}.Release|Any CPU.Build.0 = Release|Any CPU
		{E0385D25-BB7E-4B7F-BA0A-E91C96AA0AE7}.Release|x64.ActiveCfg = Release|Any CPU
		{E0385D25-BB7E-4B7F-BA0A-E91C96AA0AE7}.Release|x64.Build.0 = Release|Any CPU
		{1CB51D70-FCA7-437E-BEA9-844CF3CB6B2D}.Debug|Any CPU.ActiveCfg = Debug|Any CPU
		{1CB51D70-FCA7-437E-BEA9-844CF3CB6B2D}.Debug|Any CPU.Build.0 = Debug|Any CPU
		{1CB51D70-FCA7-437E-BEA9-844CF3CB6B2D}.Debug|x64.ActiveCfg = Debug|Any CPU
		{1CB51D70-FCA7-437E-BEA9-844CF3CB6B2D}.Debug|x64.Build.0 = Debug|Any CPU
		{1CB51D70-FCA7-437E-BEA9-844CF3CB6B2D}.Release|Any CPU.ActiveCfg = Release|Any CPU
		{1CB51D70-FCA7-437E-BEA9-844CF3CB6B2D}.Release|Any CPU.Build.0 = Release|Any CPU
		{1CB51D70-FCA7-437E-BEA9-844CF3CB6B2D}.Release|x64.ActiveCfg = Release|Any CPU
		{1CB51D70-FCA7-437E-BEA9-844CF3CB6B2D}.Release|x64.Build.0 = Release|Any CPU
		{DA2F6703-5F21-4B47-A7CB-E7CF0B868750}.Debug|Any CPU.ActiveCfg = Debug|Any CPU
		{DA2F6703-5F21-4B47-A7CB-E7CF0B868750}.Debug|Any CPU.Build.0 = Debug|Any CPU
		{DA2F6703-5F21-4B47-A7CB-E7CF0B868750}.Debug|x64.ActiveCfg = Debug|Any CPU
		{DA2F6703-5F21-4B47-A7CB-E7CF0B868750}.Debug|x64.Build.0 = Debug|Any CPU
		{DA2F6703-5F21-4B47-A7CB-E7CF0B868750}.Release|Any CPU.ActiveCfg = Release|Any CPU
		{DA2F6703-5F21-4B47-A7CB-E7CF0B868750}.Release|Any CPU.Build.0 = Release|Any CPU
		{DA2F6703-5F21-4B47-A7CB-E7CF0B868750}.Release|x64.ActiveCfg = Release|Any CPU
		{DA2F6703-5F21-4B47-A7CB-E7CF0B868750}.Release|x64.Build.0 = Release|Any CPU
		{DC1C8CD6-FD32-45CC-BB8C-FCC3611A5666}.Debug|Any CPU.ActiveCfg = Debug|Any CPU
		{DC1C8CD6-FD32-45CC-BB8C-FCC3611A5666}.Debug|Any CPU.Build.0 = Debug|Any CPU
		{DC1C8CD6-FD32-45CC-BB8C-FCC3611A5666}.Debug|x64.ActiveCfg = Debug|Any CPU
		{DC1C8CD6-FD32-45CC-BB8C-FCC3611A5666}.Debug|x64.Build.0 = Debug|Any CPU
		{DC1C8CD6-FD32-45CC-BB8C-FCC3611A5666}.Release|Any CPU.ActiveCfg = Release|Any CPU
		{DC1C8CD6-FD32-45CC-BB8C-FCC3611A5666}.Release|Any CPU.Build.0 = Release|Any CPU
		{DC1C8CD6-FD32-45CC-BB8C-FCC3611A5666}.Release|x64.ActiveCfg = Release|Any CPU
		{DC1C8CD6-FD32-45CC-BB8C-FCC3611A5666}.Release|x64.Build.0 = Release|Any CPU
		{91CD0458-0377-4D42-A34A-FA1DA9EA12B9}.Debug|Any CPU.ActiveCfg = Debug|Any CPU
		{91CD0458-0377-4D42-A34A-FA1DA9EA12B9}.Debug|Any CPU.Build.0 = Debug|Any CPU
		{91CD0458-0377-4D42-A34A-FA1DA9EA12B9}.Debug|x64.ActiveCfg = Debug|Any CPU
		{91CD0458-0377-4D42-A34A-FA1DA9EA12B9}.Debug|x64.Build.0 = Debug|Any CPU
		{91CD0458-0377-4D42-A34A-FA1DA9EA12B9}.Release|Any CPU.ActiveCfg = Release|Any CPU
		{91CD0458-0377-4D42-A34A-FA1DA9EA12B9}.Release|Any CPU.Build.0 = Release|Any CPU
		{91CD0458-0377-4D42-A34A-FA1DA9EA12B9}.Release|x64.ActiveCfg = Release|Any CPU
		{91CD0458-0377-4D42-A34A-FA1DA9EA12B9}.Release|x64.Build.0 = Release|Any CPU
		{A509EC44-5024-49F8-B8CB-406BBFA481D4}.Debug|Any CPU.ActiveCfg = Debug|Any CPU
		{A509EC44-5024-49F8-B8CB-406BBFA481D4}.Debug|Any CPU.Build.0 = Debug|Any CPU
		{A509EC44-5024-49F8-B8CB-406BBFA481D4}.Debug|x64.ActiveCfg = Debug|Any CPU
		{A509EC44-5024-49F8-B8CB-406BBFA481D4}.Debug|x64.Build.0 = Debug|Any CPU
		{A509EC44-5024-49F8-B8CB-406BBFA481D4}.Release|Any CPU.ActiveCfg = Release|Any CPU
		{A509EC44-5024-49F8-B8CB-406BBFA481D4}.Release|Any CPU.Build.0 = Release|Any CPU
		{A509EC44-5024-49F8-B8CB-406BBFA481D4}.Release|x64.ActiveCfg = Release|Any CPU
		{A509EC44-5024-49F8-B8CB-406BBFA481D4}.Release|x64.Build.0 = Release|Any CPU
		{8CDB0E39-46FE-40F2-BA90-A5D3667C2720}.Debug|Any CPU.ActiveCfg = Debug|Any CPU
		{8CDB0E39-46FE-40F2-BA90-A5D3667C2720}.Debug|Any CPU.Build.0 = Debug|Any CPU
		{8CDB0E39-46FE-40F2-BA90-A5D3667C2720}.Debug|x64.ActiveCfg = Debug|Any CPU
		{8CDB0E39-46FE-40F2-BA90-A5D3667C2720}.Debug|x64.Build.0 = Debug|Any CPU
		{8CDB0E39-46FE-40F2-BA90-A5D3667C2720}.Release|Any CPU.ActiveCfg = Release|Any CPU
		{8CDB0E39-46FE-40F2-BA90-A5D3667C2720}.Release|Any CPU.Build.0 = Release|Any CPU
		{8CDB0E39-46FE-40F2-BA90-A5D3667C2720}.Release|x64.ActiveCfg = Release|Any CPU
		{8CDB0E39-46FE-40F2-BA90-A5D3667C2720}.Release|x64.Build.0 = Release|Any CPU
		{366D0A68-73E9-45BA-95FF-1AACB3D34E6F}.Debug|Any CPU.ActiveCfg = Debug|Any CPU
		{366D0A68-73E9-45BA-95FF-1AACB3D34E6F}.Debug|Any CPU.Build.0 = Debug|Any CPU
		{366D0A68-73E9-45BA-95FF-1AACB3D34E6F}.Debug|x64.ActiveCfg = Debug|Any CPU
		{366D0A68-73E9-45BA-95FF-1AACB3D34E6F}.Debug|x64.Build.0 = Debug|Any CPU
		{366D0A68-73E9-45BA-95FF-1AACB3D34E6F}.Release|Any CPU.ActiveCfg = Release|Any CPU
		{366D0A68-73E9-45BA-95FF-1AACB3D34E6F}.Release|Any CPU.Build.0 = Release|Any CPU
		{366D0A68-73E9-45BA-95FF-1AACB3D34E6F}.Release|x64.ActiveCfg = Release|Any CPU
		{366D0A68-73E9-45BA-95FF-1AACB3D34E6F}.Release|x64.Build.0 = Release|Any CPU
		{59E98BE6-E221-4E7A-8E04-631170887642}.Debug|Any CPU.ActiveCfg = Debug|Any CPU
		{59E98BE6-E221-4E7A-8E04-631170887642}.Debug|Any CPU.Build.0 = Debug|Any CPU
		{59E98BE6-E221-4E7A-8E04-631170887642}.Debug|x64.ActiveCfg = Debug|Any CPU
		{59E98BE6-E221-4E7A-8E04-631170887642}.Debug|x64.Build.0 = Debug|Any CPU
		{59E98BE6-E221-4E7A-8E04-631170887642}.Release|Any CPU.ActiveCfg = Release|Any CPU
		{59E98BE6-E221-4E7A-8E04-631170887642}.Release|Any CPU.Build.0 = Release|Any CPU
		{59E98BE6-E221-4E7A-8E04-631170887642}.Release|x64.ActiveCfg = Release|Any CPU
		{59E98BE6-E221-4E7A-8E04-631170887642}.Release|x64.Build.0 = Release|Any CPU
	EndGlobalSection
	GlobalSection(SolutionProperties) = preSolution
		HideSolutionNode = FALSE
	EndGlobalSection
	GlobalSection(ExtensibilityGlobals) = postSolution
		SolutionGuid = {8B9E5057-39E2-4CDE-9D75-3457555D4414}
	EndGlobalSection
EndGlobal
