
Microsoft Visual Studio Solution File, Format Version 12.00
# Visual Studio Version 16
VisualStudioVersion = 16.0.30503.244
MinimumVisualStudioVersion = 10.0.40219.1
Project("{FAE04EC0-301F-11D3-BF4B-00C04F79EFBC}") = "Rest.Server", "Rest.Server\Rest.Server.csproj", "{DF5F68DB-F05C-47D3-A992-C3F7A600B720}"
EndProject
Project("{FAE04EC0-301F-11D3-BF4B-00C04F79EFBC}") = "Rest.Server.Helper", "Rest.Server.Helper\Rest.Server.Helper.csproj", "{C914B733-0688-4CF1-B728-AB6E62C649BE}"
EndProject
Global
	GlobalSection(SolutionConfigurationPlatforms) = preSolution
		Debug|Any CPU = Debug|Any CPU
		Release|Any CPU = Release|Any CPU
	EndGlobalSection
	GlobalSection(ProjectConfigurationPlatforms) = postSolution
		{DF5F68DB-F05C-47D3-A992-C3F7A600B720}.Debug|Any CPU.ActiveCfg = Debug|Any CPU
		{DF5F68DB-F05C-47D3-A992-C3F7A600B720}.Debug|Any CPU.Build.0 = Debug|Any CPU
		{DF5F68DB-F05C-47D3-A992-C3F7A600B720}.Release|Any CPU.ActiveCfg = Release|Any CPU
		{DF5F68DB-F05C-47D3-A992-C3F7A600B720}.Release|Any CPU.Build.0 = Release|Any CPU
		{C914B733-0688-4CF1-B728-AB6E62C649BE}.Debug|Any CPU.ActiveCfg = Debug|Any CPU
		{C914B733-0688-4CF1-B728-AB6E62C649BE}.Debug|Any CPU.Build.0 = Debug|Any CPU
		{C914B733-0688-4CF1-B728-AB6E62C649BE}.Release|Any CPU.ActiveCfg = Release|Any CPU
		{C914B733-0688-4CF1-B728-AB6E62C649BE}.Release|Any CPU.Build.0 = Release|Any CPU
	EndGlobalSection
	GlobalSection(SolutionProperties) = preSolution
		HideSolutionNode = FALSE
	EndGlobalSection
	GlobalSection(ExtensibilityGlobals) = postSolution
		SolutionGuid = {12D494B7-7845-4FDD-867F-257D0A91F475}
	EndGlobalSection
EndGlobal
