
Microsoft Visual Studio Solution File, Format Version 12.00
# Visual Studio Version 16
VisualStudioVersion = 16.0.29806.167
MinimumVisualStudioVersion = 10.0.40219.1
Project("{9A19103F-16F7-4668-BE54-9A1E7A4F7556}") = "Actors", "..\akka.net\Actors\Actors.csproj", "{B2E38F03-EE4B-417C-A427-F9BF5DA14397}"
EndProject
Project("{2150E333-8FDC-42A3-9474-1A3956D46DE8}") = "akka.net", "akka.net", "{049B45A8-1A28-4735-84A2-A5092D096391}"
EndProject
Project("{9A19103F-16F7-4668-BE54-9A1E7A4F7556}") = "ClusterNode", "..\akka.net\ClusterNode\ClusterNode.csproj", "{98EF99D7-A5E9-4F71-96B0-2F9C0CF70546}"
EndProject
Project("{9A19103F-16F7-4668-BE54-9A1E7A4F7556}") = "ClusterSeedNode", "..\akka.net\ClusterSeedNode\ClusterSeedNode.csproj", "{1111B534-00F5-4543-8039-177CF477016F}"
EndProject
Project("{9A19103F-16F7-4668-BE54-9A1E7A4F7556}") = "RemoteDeploy", "..\akka.net\RemoteDeploy\RemoteDeploy.csproj", "{A3BE7694-B602-4D10-8E3C-14D3B7629821}"
EndProject
Project("{9A19103F-16F7-4668-BE54-9A1E7A4F7556}") = "RemoteNode", "..\akka.net\RemoteNode\RemoteNode.csproj", "{7CCE7DD8-19EA-4C8B-90FE-3B1159808DAC}"
EndProject
Project("{9A19103F-16F7-4668-BE54-9A1E7A4F7556}") = "Router", "..\akka.net\Router\Router.csproj", "{B70DC7AA-DB39-4E1E-AC72-37DF68F47AB3}"
EndProject
Project("{9A19103F-16F7-4668-BE54-9A1E7A4F7556}") = "Tester", "..\akka.net\Tester\Tester.csproj", "{2AF2D846-EC94-44CF-B610-06695F0A163B}"
EndProject
Project("{2150E333-8FDC-42A3-9474-1A3956D46DE8}") = "wpf", "wpf", "{B7C5B1DB-36BD-4D3A-A60D-B163172D17DE}"
EndProject
Project("{FAE04EC0-301F-11D3-BF4B-00C04F79EFBC}") = "MvvmBasic", "..\wpf\MvvmBasic\MvvmBasic.csproj", "{3B9759D8-CBAB-4E90-A383-4EA31CCA78DF}"
EndProject
Project("{2150E333-8FDC-42A3-9474-1A3956D46DE8}") = "rabbitmq", "rabbitmq", "{10B30ED0-165F-44FF-9167-A84AC80B9975}"
EndProject
Project("{9A19103F-16F7-4668-BE54-9A1E7A4F7556}") = "HelloWorldSend", "..\rabbitmq\HelloWorldSend\HelloWorldSend.csproj", "{D376292A-2528-4CFB-B45E-59875891F968}"
EndProject
Project("{9A19103F-16F7-4668-BE54-9A1E7A4F7556}") = "HelloWorldReceive", "..\rabbitmq\HelloWorldReceive\HelloWorldReceive.csproj", "{C952D82B-0821-49CE-B527-0ACD27B27770}"
EndProject
Project("{FAE04EC0-301F-11D3-BF4B-00C04F79EFBC}") = "MvvmBasicHierarchy", "..\wpf\MvvmBasicHierarchy\MvvmBasicHierarchy.csproj", "{28F53CC5-8AE8-4779-916A-28B41F6C026E}"
EndProject
Project("{FAE04EC0-301F-11D3-BF4B-00C04F79EFBC}") = "MvvmTest1", "..\wpf\MvvmTest1\MvvmTest1.csproj", "{717AB3A8-D9D3-4324-BC1F-60BEA54C841A}"
EndProject
Project("{9A19103F-16F7-4668-BE54-9A1E7A4F7556}") = "ClusterClient", "..\akka.net\ClusterClient\ClusterClient.csproj", "{E488A288-1A11-4A52-9202-6A5056008995}"
EndProject
Project("{2150E333-8FDC-42A3-9474-1A3956D46DE8}") = "redis", "redis", "{59A714B2-0DE1-4F65-BD48-9272F64C020D}"
EndProject
Project("{9A19103F-16F7-4668-BE54-9A1E7A4F7556}") = "Basic", "..\redis\Basic\Basic.csproj", "{D491502A-0567-4270-833E-FE53CCBABD62}"
EndProject
Project("{FAE04EC0-301F-11D3-BF4B-00C04F79EFBC}") = "PolygonRendering", "..\wpf\PolygonRendering\PolygonRendering.csproj", "{03104F19-28ED-4886-B1A4-9DFA5FB8C7DB}"
EndProject
Global
	GlobalSection(SolutionConfigurationPlatforms) = preSolution
		Debug|Any CPU = Debug|Any CPU
		Release|Any CPU = Release|Any CPU
	EndGlobalSection
	GlobalSection(ProjectConfigurationPlatforms) = postSolution
		{B2E38F03-EE4B-417C-A427-F9BF5DA14397}.Debug|Any CPU.ActiveCfg = Debug|Any CPU
		{B2E38F03-EE4B-417C-A427-F9BF5DA14397}.Debug|Any CPU.Build.0 = Debug|Any CPU
		{B2E38F03-EE4B-417C-A427-F9BF5DA14397}.Release|Any CPU.ActiveCfg = Release|Any CPU
		{B2E38F03-EE4B-417C-A427-F9BF5DA14397}.Release|Any CPU.Build.0 = Release|Any CPU
		{98EF99D7-A5E9-4F71-96B0-2F9C0CF70546}.Debug|Any CPU.ActiveCfg = Debug|Any CPU
		{98EF99D7-A5E9-4F71-96B0-2F9C0CF70546}.Debug|Any CPU.Build.0 = Debug|Any CPU
		{98EF99D7-A5E9-4F71-96B0-2F9C0CF70546}.Release|Any CPU.ActiveCfg = Release|Any CPU
		{98EF99D7-A5E9-4F71-96B0-2F9C0CF70546}.Release|Any CPU.Build.0 = Release|Any CPU
		{1111B534-00F5-4543-8039-177CF477016F}.Debug|Any CPU.ActiveCfg = Debug|Any CPU
		{1111B534-00F5-4543-8039-177CF477016F}.Debug|Any CPU.Build.0 = Debug|Any CPU
		{1111B534-00F5-4543-8039-177CF477016F}.Release|Any CPU.ActiveCfg = Release|Any CPU
		{1111B534-00F5-4543-8039-177CF477016F}.Release|Any CPU.Build.0 = Release|Any CPU
		{A3BE7694-B602-4D10-8E3C-14D3B7629821}.Debug|Any CPU.ActiveCfg = Debug|Any CPU
		{A3BE7694-B602-4D10-8E3C-14D3B7629821}.Debug|Any CPU.Build.0 = Debug|Any CPU
		{A3BE7694-B602-4D10-8E3C-14D3B7629821}.Release|Any CPU.ActiveCfg = Release|Any CPU
		{A3BE7694-B602-4D10-8E3C-14D3B7629821}.Release|Any CPU.Build.0 = Release|Any CPU
		{7CCE7DD8-19EA-4C8B-90FE-3B1159808DAC}.Debug|Any CPU.ActiveCfg = Debug|Any CPU
		{7CCE7DD8-19EA-4C8B-90FE-3B1159808DAC}.Debug|Any CPU.Build.0 = Debug|Any CPU
		{7CCE7DD8-19EA-4C8B-90FE-3B1159808DAC}.Release|Any CPU.ActiveCfg = Release|Any CPU
		{7CCE7DD8-19EA-4C8B-90FE-3B1159808DAC}.Release|Any CPU.Build.0 = Release|Any CPU
		{B70DC7AA-DB39-4E1E-AC72-37DF68F47AB3}.Debug|Any CPU.ActiveCfg = Debug|Any CPU
		{B70DC7AA-DB39-4E1E-AC72-37DF68F47AB3}.Debug|Any CPU.Build.0 = Debug|Any CPU
		{B70DC7AA-DB39-4E1E-AC72-37DF68F47AB3}.Release|Any CPU.ActiveCfg = Release|Any CPU
		{B70DC7AA-DB39-4E1E-AC72-37DF68F47AB3}.Release|Any CPU.Build.0 = Release|Any CPU
		{2AF2D846-EC94-44CF-B610-06695F0A163B}.Debug|Any CPU.ActiveCfg = Debug|Any CPU
		{2AF2D846-EC94-44CF-B610-06695F0A163B}.Debug|Any CPU.Build.0 = Debug|Any CPU
		{2AF2D846-EC94-44CF-B610-06695F0A163B}.Release|Any CPU.ActiveCfg = Release|Any CPU
		{2AF2D846-EC94-44CF-B610-06695F0A163B}.Release|Any CPU.Build.0 = Release|Any CPU
		{3B9759D8-CBAB-4E90-A383-4EA31CCA78DF}.Debug|Any CPU.ActiveCfg = Debug|Any CPU
		{3B9759D8-CBAB-4E90-A383-4EA31CCA78DF}.Debug|Any CPU.Build.0 = Debug|Any CPU
		{3B9759D8-CBAB-4E90-A383-4EA31CCA78DF}.Release|Any CPU.ActiveCfg = Release|Any CPU
		{3B9759D8-CBAB-4E90-A383-4EA31CCA78DF}.Release|Any CPU.Build.0 = Release|Any CPU
		{D376292A-2528-4CFB-B45E-59875891F968}.Debug|Any CPU.ActiveCfg = Debug|Any CPU
		{D376292A-2528-4CFB-B45E-59875891F968}.Debug|Any CPU.Build.0 = Debug|Any CPU
		{D376292A-2528-4CFB-B45E-59875891F968}.Release|Any CPU.ActiveCfg = Release|Any CPU
		{D376292A-2528-4CFB-B45E-59875891F968}.Release|Any CPU.Build.0 = Release|Any CPU
		{C952D82B-0821-49CE-B527-0ACD27B27770}.Debug|Any CPU.ActiveCfg = Debug|Any CPU
		{C952D82B-0821-49CE-B527-0ACD27B27770}.Debug|Any CPU.Build.0 = Debug|Any CPU
		{C952D82B-0821-49CE-B527-0ACD27B27770}.Release|Any CPU.ActiveCfg = Release|Any CPU
		{C952D82B-0821-49CE-B527-0ACD27B27770}.Release|Any CPU.Build.0 = Release|Any CPU
		{28F53CC5-8AE8-4779-916A-28B41F6C026E}.Debug|Any CPU.ActiveCfg = Debug|Any CPU
		{28F53CC5-8AE8-4779-916A-28B41F6C026E}.Debug|Any CPU.Build.0 = Debug|Any CPU
		{28F53CC5-8AE8-4779-916A-28B41F6C026E}.Release|Any CPU.ActiveCfg = Release|Any CPU
		{28F53CC5-8AE8-4779-916A-28B41F6C026E}.Release|Any CPU.Build.0 = Release|Any CPU
		{717AB3A8-D9D3-4324-BC1F-60BEA54C841A}.Debug|Any CPU.ActiveCfg = Debug|Any CPU
		{717AB3A8-D9D3-4324-BC1F-60BEA54C841A}.Debug|Any CPU.Build.0 = Debug|Any CPU
		{717AB3A8-D9D3-4324-BC1F-60BEA54C841A}.Release|Any CPU.ActiveCfg = Release|Any CPU
		{717AB3A8-D9D3-4324-BC1F-60BEA54C841A}.Release|Any CPU.Build.0 = Release|Any CPU
		{E488A288-1A11-4A52-9202-6A5056008995}.Debug|Any CPU.ActiveCfg = Debug|Any CPU
		{E488A288-1A11-4A52-9202-6A5056008995}.Debug|Any CPU.Build.0 = Debug|Any CPU
		{E488A288-1A11-4A52-9202-6A5056008995}.Release|Any CPU.ActiveCfg = Release|Any CPU
		{E488A288-1A11-4A52-9202-6A5056008995}.Release|Any CPU.Build.0 = Release|Any CPU
		{D491502A-0567-4270-833E-FE53CCBABD62}.Debug|Any CPU.ActiveCfg = Debug|Any CPU
		{D491502A-0567-4270-833E-FE53CCBABD62}.Debug|Any CPU.Build.0 = Debug|Any CPU
		{D491502A-0567-4270-833E-FE53CCBABD62}.Release|Any CPU.ActiveCfg = Release|Any CPU
		{D491502A-0567-4270-833E-FE53CCBABD62}.Release|Any CPU.Build.0 = Release|Any CPU
		{03104F19-28ED-4886-B1A4-9DFA5FB8C7DB}.Debug|Any CPU.ActiveCfg = Debug|Any CPU
		{03104F19-28ED-4886-B1A4-9DFA5FB8C7DB}.Debug|Any CPU.Build.0 = Debug|Any CPU
		{03104F19-28ED-4886-B1A4-9DFA5FB8C7DB}.Release|Any CPU.ActiveCfg = Release|Any CPU
		{03104F19-28ED-4886-B1A4-9DFA5FB8C7DB}.Release|Any CPU.Build.0 = Release|Any CPU
	EndGlobalSection
	GlobalSection(SolutionProperties) = preSolution
		HideSolutionNode = FALSE
	EndGlobalSection
	GlobalSection(NestedProjects) = preSolution
		{B2E38F03-EE4B-417C-A427-F9BF5DA14397} = {049B45A8-1A28-4735-84A2-A5092D096391}
		{98EF99D7-A5E9-4F71-96B0-2F9C0CF70546} = {049B45A8-1A28-4735-84A2-A5092D096391}
		{1111B534-00F5-4543-8039-177CF477016F} = {049B45A8-1A28-4735-84A2-A5092D096391}
		{A3BE7694-B602-4D10-8E3C-14D3B7629821} = {049B45A8-1A28-4735-84A2-A5092D096391}
		{7CCE7DD8-19EA-4C8B-90FE-3B1159808DAC} = {049B45A8-1A28-4735-84A2-A5092D096391}
		{B70DC7AA-DB39-4E1E-AC72-37DF68F47AB3} = {049B45A8-1A28-4735-84A2-A5092D096391}
		{2AF2D846-EC94-44CF-B610-06695F0A163B} = {049B45A8-1A28-4735-84A2-A5092D096391}
		{3B9759D8-CBAB-4E90-A383-4EA31CCA78DF} = {B7C5B1DB-36BD-4D3A-A60D-B163172D17DE}
		{D376292A-2528-4CFB-B45E-59875891F968} = {10B30ED0-165F-44FF-9167-A84AC80B9975}
		{C952D82B-0821-49CE-B527-0ACD27B27770} = {10B30ED0-165F-44FF-9167-A84AC80B9975}
		{28F53CC5-8AE8-4779-916A-28B41F6C026E} = {B7C5B1DB-36BD-4D3A-A60D-B163172D17DE}
		{717AB3A8-D9D3-4324-BC1F-60BEA54C841A} = {B7C5B1DB-36BD-4D3A-A60D-B163172D17DE}
		{E488A288-1A11-4A52-9202-6A5056008995} = {049B45A8-1A28-4735-84A2-A5092D096391}
		{D491502A-0567-4270-833E-FE53CCBABD62} = {59A714B2-0DE1-4F65-BD48-9272F64C020D}
		{03104F19-28ED-4886-B1A4-9DFA5FB8C7DB} = {B7C5B1DB-36BD-4D3A-A60D-B163172D17DE}
	EndGlobalSection
	GlobalSection(ExtensibilityGlobals) = postSolution
		SolutionGuid = {1EE058DE-2B59-4C15-B718-4FEFE5BF0851}
	EndGlobalSection
EndGlobal
